# THIS IS AN AUTOGENERATED FILE. DO NOT EDIT THIS FILE DIRECTLY.
# yarn lockfile v1


react-hook-form@^7.43.2:
  version "7.43.2"
  resolved "https://registry.yarnpkg.com/react-hook-form/-/react-hook-form-7.43.2.tgz#d8ff71956dc3de258dce19d4b1c7e1c6a0188e67"
  integrity sha512-NvD3Oe2Y9hhqo2R4I4iJigDzSLpdMnzUpNMxlnzTbdiT7NT3BW0GxWCzEtwPudZMUPbZhNcSy1EcGAygyhDORg==
